Microsoft Visual Studio Solution File, Format Version 12.00
# Visual Studio Version 17
VisualStudioVersion = 17.5.2.0
MinimumVisualStudioVersion = 10.0.40219.1
Project("{FAE04EC0-301F-11D3-BF4B-00C04F79EFBC}") = "WGU_App_RileyJuniewic", "WGU_App_RileyJuniewic\WGU_App_RileyJuniewic.csproj", "{5120ACA9-5A03-ED96-DFB6-0DB057AFCD7B}"
EndProject
Global
	GlobalSection(SolutionConfigurationPlatforms) = preSolution
		Debug|Any CPU = Debug|Any CPU
		Release|Any CPU = Release|Any CPU
	EndGlobalSection
	GlobalSection(ProjectConfigurationPlatforms) = postSolution
		{5120ACA9-5A03-ED96-DFB6-0DB057AFCD7B}.Debug|Any CPU.ActiveCfg = Debug|Any CPU
		{5120ACA9-5A03-ED96-DFB6-0DB057AFCD7B}.Debug|Any CPU.Build.0 = Debug|Any CPU
		{5120ACA9-5A03-ED96-DFB6-0DB057AFCD7B}.Release|Any CPU.ActiveCfg = Release|Any CPU
		{5120ACA9-5A03-ED96-DFB6-0DB057AFCD7B}.Release|Any CPU.Build.0 = Release|Any CPU
	EndGlobalSection
	GlobalSection(SolutionProperties) = preSolution
		HideSolutionNode = FALSE
	EndGlobalSection
	GlobalSection(ExtensibilityGlobals) = postSolution
		SolutionGuid = {2A7D4A7E-222D-4156-AA13-2F93B9CFF579}
	EndGlobalSection
EndGlobal
